
Microsoft Visual Studio Solution File, Format Version 12.00
# Visual Studio Version 17
VisualStudioVersion = 17.4.33205.214
MinimumVisualStudioVersion = 10.0.40219.1
Project("{FAE04EC0-301F-11D3-BF4B-00C04F79EFBC}") = "IDE_HTML", "IDE_HTML\IDE_HTML.csproj", "{8E90FB83-9355-4C83-9FEE-9379A947ABF3}"
EndProject
Global
	GlobalSection(SolutionConfigurationPlatforms) = preSolution
		Debug|Any CPU = Debug|Any CPU
		Release|Any CPU = Release|Any CPU
	EndGlobalSection
	GlobalSection(ProjectConfigurationPlatforms) = postSolution
		{8E90FB83-9355-4C83-9FEE-9379A947ABF3}.Debug|Any CPU.ActiveCfg = Debug|Any CPU
		{8E90FB83-9355-4C83-9FEE-9379A947ABF3}.Debug|Any CPU.Build.0 = Debug|Any CPU
		{8E90FB83-9355-4C83-9FEE-9379A947ABF3}.Release|Any CPU.ActiveCfg = Release|Any CPU
		{8E90FB83-9355-4C83-9FEE-9379A947ABF3}.Release|Any CPU.Build.0 = Release|Any CPU
	EndGlobalSection
	GlobalSection(SolutionProperties) = preSolution
		HideSolutionNode = FALSE
	EndGlobalSection
	GlobalSection(ExtensibilityGlobals) = postSolution
		SolutionGuid = {3F6CAB40-8BC4-46F2-BD6F-395C360BF9CD}
	EndGlobalSection
EndGlobal
